
Microsoft Visual Studio Solution File, Format Version 12.00
# Visual Studio Version 16
VisualStudioVersion = 16.0.29306.81
MinimumVisualStudioVersion = 10.0.40219.1
Project("{FAE04EC0-301F-11D3-BF4B-00C04F79EFBC}") = "ProjectWebApi", "ProjectWebApi\ProjectWebApi.csproj", "{D06248AF-BD66-4E11-9272-1C06DF3CA1D2}"
EndProject
Global
	GlobalSection(SolutionConfigurationPlatforms) = preSolution
		Debug|Any CPU = Debug|Any CPU
		Release|Any CPU = Release|Any CPU
	EndGlobalSection
	GlobalSection(ProjectConfigurationPlatforms) = postSolution
		{D06248AF-BD66-4E11-9272-1C06DF3CA1D2}.Debug|Any CPU.ActiveCfg = Debug|Any CPU
		{D06248AF-BD66-4E11-9272-1C06DF3CA1D2}.Debug|Any CPU.Build.0 = Debug|Any CPU
		{D06248AF-BD66-4E11-9272-1C06DF3CA1D2}.Release|Any CPU.ActiveCfg = Release|Any CPU
		{D06248AF-BD66-4E11-9272-1C06DF3CA1D2}.Release|Any CPU.Build.0 = Release|Any CPU
	EndGlobalSection
	GlobalSection(SolutionProperties) = preSolution
		HideSolutionNode = FALSE
	EndGlobalSection
	GlobalSection(ExtensibilityGlobals) = postSolution
		SolutionGuid = {35D1432E-7147-41F7-967F-FDDEC82AF755}
	EndGlobalSection
EndGlobal
